// !$*UTF8*$!
{
	archiveVersion = 1;
	classes = {
	};
	objectVersion = 50;
	objects = {

/* Begin PBXBuildFile section */
		5E1267D6259B889900A47AAC /* CloudKit.framework in Frameworks */ = {isa = PBXBuildFile; fileRef = 5E1267D5259B889900A47AAC /* CloudKit.framework */; };
		5E38A720258CF82200574232 /* EquipmentView.swift in Sources */ = {isa = PBXBuildFile; fileRef = 5E38A71F258CF82200574232 /* EquipmentView.swift */; };
		5E38A725258D022300574232 /* ExerciseData.plist in Resources */ = {isa = PBXBuildFile; fileRef = 5E38A724258D022300574232 /* ExerciseData.plist */; };
		5E458194258E756200D1A0E1 /* DetailView.swift in Sources */ = {isa = PBXBuildFile; fileRef = 5E458193258E756200D1A0E1 /* DetailView.swift */; };
		5E51344E2598BFD9008D4195 /* Main.xcdatamodeld in Sources */ = {isa = PBXBuildFile; fileRef = 5E51344C2598BFD9008D4195 /* Main.xcdatamodeld */; };
		5E5134532598C09D008D4195 /* Record-CoreDataHelpers.swift in Sources */ = {isa = PBXBuildFile; fileRef = 5E5134522598C09D008D4195 /* Record-CoreDataHelpers.swift */; };
		5E5134592598C147008D4195 /* DataController.swift in Sources */ = {isa = PBXBuildFile; fileRef = 5E5134582598C147008D4195 /* DataController.swift */; };
		5E52F0B425A11F1C00A5AC34 /* StartView.swift in Sources */ = {isa = PBXBuildFile; fileRef = 5E52F0B325A11F1C00A5AC34 /* StartView.swift */; };
		5E6B59E1258D15FF0049CDD9 /* Exercise.swift in Sources */ = {isa = PBXBuildFile; fileRef = 5E6B59E0258D15FF0049CDD9 /* Exercise.swift */; };
		5E6B59EC258D42B80049CDD9 /* ExerciseListView.swift in Sources */ = {isa = PBXBuildFile; fileRef = 5E6B59EB258D42B80049CDD9 /* ExerciseListView.swift */; };
		5E78E8ED258ED40400D7E7EC /* Color+Extension.swift in Sources */ = {isa = PBXBuildFile; fileRef = 5E78E8EC258ED40400D7E7EC /* Color+Extension.swift */; };
		5E7B5B2B259B995800911571 /* CoreData.framework in Frameworks */ = {isa = PBXBuildFile; fileRef = 5E7B5B2A259B995800911571 /* CoreData.framework */; };
		5E7E7043258CE2AD0030B507 /* iWorkOut WatchKit App.app in Embed Watch Content */ = {isa = PBXBuildFile; fileRef = 5E7E7042258CE2AD0030B507 /* iWorkOut WatchKit App.app */; settings = {ATTRIBUTES = (RemoveHeadersOnCopy, ); }; };
		5E7E7048258CE2AE0030B507 /* Assets.xcassets in Resources */ = {isa = PBXBuildFile; fileRef = 5E7E7047258CE2AE0030B507 /* Assets.xcassets */; };
		5E7E704F258CE2AE0030B507 /* iWorkOut WatchKit Extension.appex in Embed App Extensions */ = {isa = PBXBuildFile; fileRef = 5E7E704E258CE2AE0030B507 /* iWorkOut WatchKit Extension.appex */; settings = {ATTRIBUTES = (RemoveHeadersOnCopy, ); }; };
		5E7E7054258CE2AE0030B507 /* MuscleView.swift in Sources */ = {isa = PBXBuildFile; fileRef = 5E7E7053258CE2AE0030B507 /* MuscleView.swift */; };
		5E7E7056258CE2AE0030B507 /* iWorkOutApp.swift in Sources */ = {isa = PBXBuildFile; fileRef = 5E7E7055258CE2AE0030B507 /* iWorkOutApp.swift */; };
		5E7E7058258CE2AE0030B507 /* ComplicationController.swift in Sources */ = {isa = PBXBuildFile; fileRef = 5E7E7057258CE2AE0030B507 /* ComplicationController.swift */; };
		5E7E705A258CE2AE0030B507 /* Assets.xcassets in Resources */ = {isa = PBXBuildFile; fileRef = 5E7E7059258CE2AE0030B507 /* Assets.xcassets */; };
		5E7E705D258CE2AE0030B507 /* Preview Assets.xcassets in Resources */ = {isa = PBXBuildFile; fileRef = 5E7E705C258CE2AE0030B507 /* Preview Assets.xcassets */; };
		5E7E7072258CE3650030B507 /* MuscleGroup.swift in Sources */ = {isa = PBXBuildFile; fileRef = 5E7E7071258CE3650030B507 /* MuscleGroup.swift */; };
		5E7E707D258CE4320030B507 /* Equipment.swift in Sources */ = {isa = PBXBuildFile; fileRef = 5E7E707C258CE4320030B507 /* Equipment.swift */; };
		5EAC61D1259FF07400E90941 /* ContentView.swift in Sources */ = {isa = PBXBuildFile; fileRef = 5EAC61D0259FF07400E90941 /* ContentView.swift */; };
		5EAC61D6259FF20300E90941 /* RecordView.swift in Sources */ = {isa = PBXBuildFile; fileRef = 5EAC61D5259FF20300E90941 /* RecordView.swift */; };
/* End PBXBuildFile section */

/* Begin PBXContainerItemProxy section */
		5E7E7044258CE2AD0030B507 /* PBXContainerItemProxy */ = {
			isa = PBXContainerItemProxy;
			containerPortal = 5E7E7038258CE2AD0030B507 /* Project object */;
			proxyType = 1;
			remoteGlobalIDString = 5E7E7041258CE2AD0030B507;
			remoteInfo = "iWorkOut WatchKit App";
		};
		5E7E7050258CE2AE0030B507 /* PBXContainerItemProxy */ = {
			isa = PBXContainerItemProxy;
			containerPortal = 5E7E7038258CE2AD0030B507 /* Project object */;
			proxyType = 1;
			remoteGlobalIDString = 5E7E704D258CE2AE0030B507;
			remoteInfo = "iWorkOut WatchKit Extension";
		};
/* End PBXContainerItemProxy section */

/* Begin PBXCopyFilesBuildPhase section */
		5E7E7064258CE2AE0030B507 /* Embed App Extensions */ = {
			isa = PBXCopyFilesBuildPhase;
			buildActionMask = 2147483647;
			dstPath = "";
			dstSubfolderSpec = 13;
			files = (
				5E7E704F258CE2AE0030B507 /* iWorkOut WatchKit Extension.appex in Embed App Extensions */,
			);
			name = "Embed App Extensions";
			runOnlyForDeploymentPostprocessing = 0;
		};
		5E7E7068258CE2AE0030B507 /* Embed Watch Content */ = {
			isa = PBXCopyFilesBuildPhase;
			buildActionMask = 2147483647;
			dstPath = "$(CONTENTS_FOLDER_PATH)/Watch";
			dstSubfolderSpec = 16;
			files = (
				5E7E7043258CE2AD0030B507 /* iWorkOut WatchKit App.app in Embed Watch Content */,
			);
			name = "Embed Watch Content";
			runOnlyForDeploymentPostprocessing = 0;
		};
/* End PBXCopyFilesBuildPhase section */

/* Begin PBXFileReference section */
		5E1267D0259B889300A47AAC /* iWorkOut WatchKit Extension.entitlements */ = {isa = PBXFileReference; lastKnownFileType = text.plist.entitlements; path = "iWorkOut WatchKit Extension.entitlements"; sourceTree = "<group>"; };
		5E1267D5259B889900A47AAC /* CloudKit.framework */ = {isa = PBXFileReference; lastKnownFileType = wrapper.framework; name = CloudKit.framework; path = Platforms/WatchOS.platform/Developer/SDKs/WatchOS7.2.sdk/System/Library/Frameworks/CloudKit.framework; sourceTree = DEVELOPER_DIR; };
		5E38A71F258CF82200574232 /* EquipmentView.swift */ = {isa = PBXFileReference; lastKnownFileType = sourcecode.swift; path = EquipmentView.swift; sourceTree = "<group>"; };
		5E38A724258D022300574232 /* ExerciseData.plist */ = {isa = PBXFileReference; lastKnownFileType = text.plist.xml; path = ExerciseData.plist; sourceTree = "<group>"; };
		5E458193258E756200D1A0E1 /* DetailView.swift */ = {isa = PBXFileReference; lastKnownFileType = sourcecode.swift; path = DetailView.swift; sourceTree = "<group>"; };
		5E51344D2598BFD9008D4195 /* Main.xcdatamodel */ = {isa = PBXFileReference; lastKnownFileType = wrapper.xcdatamodel; path = Main.xcdatamodel; sourceTree = "<group>"; };
		5E5134522598C09D008D4195 /* Record-CoreDataHelpers.swift */ = {isa = PBXFileReference; lastKnownFileType = sourcecode.swift; path = "Record-CoreDataHelpers.swift"; sourceTree = "<group>"; };
		5E5134582598C147008D4195 /* DataController.swift */ = {isa = PBXFileReference; lastKnownFileType = sourcecode.swift; path = DataController.swift; sourceTree = "<group>"; };
		5E52F0B325A11F1C00A5AC34 /* StartView.swift */ = {isa = PBXFileReference; lastKnownFileType = sourcecode.swift; path = StartView.swift; sourceTree = "<group>"; };
		5E6B59E0258D15FF0049CDD9 /* Exercise.swift */ = {isa = PBXFileReference; lastKnownFileType = sourcecode.swift; path = Exercise.swift; sourceTree = "<group>"; };
		5E6B59EB258D42B80049CDD9 /* ExerciseListView.swift */ = {isa = PBXFileReference; lastKnownFileType = sourcecode.swift; path = ExerciseListView.swift; sourceTree = "<group>"; };
		5E78E8EC258ED40400D7E7EC /* Color+Extension.swift */ = {isa = PBXFileReference; lastKnownFileType = sourcecode.swift; path = "Color+Extension.swift"; sourceTree = "<group>"; };
		5E7B5B2A259B995800911571 /* CoreData.framework */ = {isa = PBXFileReference; lastKnownFileType = wrapper.framework; name = CoreData.framework; path = Platforms/WatchOS.platform/Developer/SDKs/WatchOS7.2.sdk/System/Library/Frameworks/CoreData.framework; sourceTree = DEVELOPER_DIR; };
		5E7E703E258CE2AD0030B507 /* iWorkOut.app */ = {isa = PBXFileReference; explicitFileType = wrapper.application; includeInIndex = 0; path = iWorkOut.app; sourceTree = BUILT_PRODUCTS_DIR; };
		5E7E7042258CE2AD0030B507 /* iWorkOut WatchKit App.app */ = {isa = PBXFileReference; explicitFileType = wrapper.application; includeInIndex = 0; path = "iWorkOut WatchKit App.app"; sourceTree = BUILT_PRODUCTS_DIR; };
		5E7E7047258CE2AE0030B507 /* Assets.xcassets */ = {isa = PBXFileReference; lastKnownFileType = folder.assetcatalog; path = Assets.xcassets; sourceTree = "<group>"; };
		5E7E7049258CE2AE0030B507 /* Info.plist */ = {isa = PBXFileReference; lastKnownFileType = text.plist.xml; path = Info.plist; sourceTree = "<group>"; };
		5E7E704E258CE2AE0030B507 /* iWorkOut WatchKit Extension.appex */ = {isa = PBXFileReference; explicitFileType = "wrapper.app-extension"; includeInIndex = 0; path = "iWorkOut WatchKit Extension.appex"; sourceTree = BUILT_PRODUCTS_DIR; };
		5E7E7053258CE2AE0030B507 /* MuscleView.swift */ = {isa = PBXFileReference; lastKnownFileType = sourcecode.swift; path = MuscleView.swift; sourceTree = "<group>"; };
		5E7E7055258CE2AE0030B507 /* iWorkOutApp.swift */ = {isa = PBXFileReference; lastKnownFileType = sourcecode.swift; path = iWorkOutApp.swift; sourceTree = "<group>"; };
		5E7E7057258CE2AE0030B507 /* ComplicationController.swift */ = {isa = PBXFileReference; lastKnownFileType = sourcecode.swift; path = ComplicationController.swift; sourceTree = "<group>"; };
		5E7E7059258CE2AE0030B507 /* Assets.xcassets */ = {isa = PBXFileReference; lastKnownFileType = folder.assetcatalog; path = Assets.xcassets; sourceTree = "<group>"; };
		5E7E705C258CE2AE0030B507 /* Preview Assets.xcassets */ = {isa = PBXFileReference; lastKnownFileType = folder.assetcatalog; path = "Preview Assets.xcassets"; sourceTree = "<group>"; };
		5E7E705E258CE2AE0030B507 /* Info.plist */ = {isa = PBXFileReference; lastKnownFileType = text.plist.xml; path = Info.plist; sourceTree = "<group>"; };
		5E7E7071258CE3650030B507 /* MuscleGroup.swift */ = {isa = PBXFileReference; lastKnownFileType = sourcecode.swift; path = MuscleGroup.swift; sourceTree = "<group>"; };
		5E7E707C258CE4320030B507 /* Equipment.swift */ = {isa = PBXFileReference; lastKnownFileType = sourcecode.swift; path = Equipment.swift; sourceTree = "<group>"; };
		5EAC61D0259FF07400E90941 /* ContentView.swift */ = {isa = PBXFileReference; lastKnownFileType = sourcecode.swift; path = ContentView.swift; sourceTree = "<group>"; };
		5EAC61D5259FF20300E90941 /* RecordView.swift */ = {isa = PBXFileReference; lastKnownFileType = sourcecode.swift; path = RecordView.swift; sourceTree = "<group>"; };
/* End PBXFileReference section */

/* Begin PBXFrameworksBuildPhase section */
		5E7E704B258CE2AE0030B507 /* Frameworks */ = {
			isa = PBXFrameworksBuildPhase;
			buildActionMask = 2147483647;
			files = (
				5E1267D6259B889900A47AAC /* CloudKit.framework in Frameworks */,
				5E7B5B2B259B995800911571 /* CoreData.framework in Frameworks */,
			);
			runOnlyForDeploymentPostprocessing = 0;
		};
/* End PBXFrameworksBuildPhase section */

/* Begin PBXGroup section */
		5E1267D4259B889900A47AAC /* Frameworks */ = {
			isa = PBXGroup;
			children = (
				5E7B5B2A259B995800911571 /* CoreData.framework */,
				5E1267D5259B889900A47AAC /* CloudKit.framework */,
			);
			name = Frameworks;
			sourceTree = "<group>";
		};
		5E5134462598BEAA008D4195 /* Exercise-PListModel */ = {
			isa = PBXGroup;
			children = (
				5E7E7071258CE3650030B507 /* MuscleGroup.swift */,
				5E7E707C258CE4320030B507 /* Equipment.swift */,
				5E6B59E0258D15FF0049CDD9 /* Exercise.swift */,
				5E38A724258D022300574232 /* ExerciseData.plist */,
			);
			path = "Exercise-PListModel";
			sourceTree = "<group>";
		};
		5E5134472598BF1C008D4195 /* Record-CoreDataModel */ = {
			isa = PBXGroup;
			children = (
				5E51344C2598BFD9008D4195 /* Main.xcdatamodeld */,
				5E5134522598C09D008D4195 /* Record-CoreDataHelpers.swift */,
			);
			path = "Record-CoreDataModel";
			sourceTree = "<group>";
		};
		5E5134482598BF85008D4195 /* Misc */ = {
			isa = PBXGroup;
			children = (
				5E78E8EC258ED40400D7E7EC /* Color+Extension.swift */,
			);
			path = Misc;
			sourceTree = "<group>";
		};
		5E5134572598C112008D4195 /* Controllers */ = {
			isa = PBXGroup;
			children = (
				5E7E7057258CE2AE0030B507 /* ComplicationController.swift */,
				5E5134582598C147008D4195 /* DataController.swift */,
			);
			path = Controllers;
			sourceTree = "<group>";
		};
		5E7E7037258CE2AD0030B507 = {
			isa = PBXGroup;
			children = (
				5E7E7046258CE2AD0030B507 /* iWorkOut WatchKit App */,
				5E7E7052258CE2AE0030B507 /* iWorkOut WatchKit Extension */,
				5E7E703F258CE2AD0030B507 /* Products */,
				5E1267D4259B889900A47AAC /* Frameworks */,
			);
			sourceTree = "<group>";
		};
		5E7E703F258CE2AD0030B507 /* Products */ = {
			isa = PBXGroup;
			children = (
				5E7E703E258CE2AD0030B507 /* iWorkOut.app */,
				5E7E7042258CE2AD0030B507 /* iWorkOut WatchKit App.app */,
				5E7E704E258CE2AE0030B507 /* iWorkOut WatchKit Extension.appex */,
			);
			name = Products;
			sourceTree = "<group>";
		};
		5E7E7046258CE2AD0030B507 /* iWorkOut WatchKit App */ = {
			isa = PBXGroup;
			children = (
				5E7E7047258CE2AE0030B507 /* Assets.xcassets */,
				5E7E7049258CE2AE0030B507 /* Info.plist */,
			);
			path = "iWorkOut WatchKit App";
			sourceTree = "<group>";
		};
		5E7E7052258CE2AE0030B507 /* iWorkOut WatchKit Extension */ = {
			isa = PBXGroup;
			children = (
				5E1267D0259B889300A47AAC /* iWorkOut WatchKit Extension.entitlements */,
				5E7E7055258CE2AE0030B507 /* iWorkOutApp.swift */,
				5E7E705E258CE2AE0030B507 /* Info.plist */,
				5E7E7070258CE32A0030B507 /* Models */,
				5E7E706F258CE2CF0030B507 /* Views */,
				5E5134572598C112008D4195 /* Controllers */,
				5E7E7059258CE2AE0030B507 /* Assets.xcassets */,
				5E7E705B258CE2AE0030B507 /* Preview Content */,
			);
			path = "iWorkOut WatchKit Extension";
			sourceTree = "<group>";
		};
		5E7E705B258CE2AE0030B507 /* Preview Content */ = {
			isa = PBXGroup;
			children = (
				5E7E705C258CE2AE0030B507 /* Preview Assets.xcassets */,
			);
			path = "Preview Content";
			sourceTree = "<group>";
		};
		5E7E706F258CE2CF0030B507 /* Views */ = {
			isa = PBXGroup;
			children = (
				5EAC61D0259FF07400E90941 /* ContentView.swift */,
				5E52F0B325A11F1C00A5AC34 /* StartView.swift */,
				5E7E7053258CE2AE0030B507 /* MuscleView.swift */,
				5EAC61D5259FF20300E90941 /* RecordView.swift */,
				5E38A71F258CF82200574232 /* EquipmentView.swift */,
				5E6B59EB258D42B80049CDD9 /* ExerciseListView.swift */,
				5E458193258E756200D1A0E1 /* DetailView.swift */,
				5E5134482598BF85008D4195 /* Misc */,
			);
			path = Views;
			sourceTree = "<group>";
		};
		5E7E7070258CE32A0030B507 /* Models */ = {
			isa = PBXGroup;
			children = (
				5E5134462598BEAA008D4195 /* Exercise-PListModel */,
				5E5134472598BF1C008D4195 /* Record-CoreDataModel */,
			);
			path = Models;
			sourceTree = "<group>";
		};
/* End PBXGroup section */

/* Begin PBXNativeTarget section */
		5E7E703D258CE2AD0030B507 /* iWorkOut */ = {
			isa = PBXNativeTarget;
			buildConfigurationList = 5E7E7069258CE2AE0030B507 /* Build configuration list for PBXNativeTarget "iWorkOut" */;
			buildPhases = (
				5E7E703C258CE2AD0030B507 /* Resources */,
				5E7E7068258CE2AE0030B507 /* Embed Watch Content */,
			);
			buildRules = (
			);
			dependencies = (
				5E7E7045258CE2AD0030B507 /* PBXTargetDependency */,
			);
			name = iWorkOut;
			productName = iWorkOut;
			productReference = 5E7E703E258CE2AD0030B507 /* iWorkOut.app */;
			productType = "com.apple.product-type.application.watchapp2-container";
		};
		5E7E7041258CE2AD0030B507 /* iWorkOut WatchKit App */ = {
			isa = PBXNativeTarget;
			buildConfigurationList = 5E7E7065258CE2AE0030B507 /* Build configuration list for PBXNativeTarget "iWorkOut WatchKit App" */;
			buildPhases = (
				5E7E7040258CE2AD0030B507 /* Resources */,
				5E7E7064258CE2AE0030B507 /* Embed App Extensions */,
			);
			buildRules = (
			);
			dependencies = (
				5E7E7051258CE2AE0030B507 /* PBXTargetDependency */,
			);
			name = "iWorkOut WatchKit App";
			productName = "iWorkOut WatchKit App";
			productReference = 5E7E7042258CE2AD0030B507 /* iWorkOut WatchKit App.app */;
			productType = "com.apple.product-type.application.watchapp2";
		};
		5E7E704D258CE2AE0030B507 /* iWorkOut WatchKit Extension */ = {
			isa = PBXNativeTarget;
			buildConfigurationList = 5E7E7061258CE2AE0030B507 /* Build configuration list for PBXNativeTarget "iWorkOut WatchKit Extension" */;
			buildPhases = (
				5E7E704A258CE2AE0030B507 /* Sources */,
				5E7E704B258CE2AE0030B507 /* Frameworks */,
				5E7E704C258CE2AE0030B507 /* Resources */,
			);
			buildRules = (
			);
			dependencies = (
			);
			name = "iWorkOut WatchKit Extension";
			productName = "iWorkOut WatchKit Extension";
			productReference = 5E7E704E258CE2AE0030B507 /* iWorkOut WatchKit Extension.appex */;
			productType = "com.apple.product-type.watchkit2-extension";
		};
/* End PBXNativeTarget section */

/* Begin PBXProject section */
		5E7E7038258CE2AD0030B507 /* Project object */ = {
			isa = PBXProject;
			attributes = {
				LastSwiftUpdateCheck = 1230;
				LastUpgradeCheck = 1230;
				TargetAttributes = {
					5E7E703D258CE2AD0030B507 = {
						CreatedOnToolsVersion = 12.3;
					};
					5E7E7041258CE2AD0030B507 = {
						CreatedOnToolsVersion = 12.3;
					};
					5E7E704D258CE2AE0030B507 = {
						CreatedOnToolsVersion = 12.3;
					};
				};
			};
			buildConfigurationList = 5E7E703B258CE2AD0030B507 /* Build configuration list for PBXProject "iWorkOut" */;
			compatibilityVersion = "Xcode 9.3";
			developmentRegion = en;
			hasScannedForEncodings = 0;
			knownRegions = (
				en,
				Base,
			);
			mainGroup = 5E7E7037258CE2AD0030B507;
			productRefGroup = 5E7E703F258CE2AD0030B507 /* Products */;
			projectDirPath = "";
			projectRoot = "";
			targets = (
				5E7E703D258CE2AD0030B507 /* iWorkOut */,
				5E7E7041258CE2AD0030B507 /* iWorkOut WatchKit App */,
				5E7E704D258CE2AE0030B507 /* iWorkOut WatchKit Extension */,
			);
		};
/* End PBXProject section */

/* Begin PBXResourcesBuildPhase section */
		5E7E703C258CE2AD0030B507 /* Resources */ = {
			isa = PBXResourcesBuildPhase;
			buildActionMask = 2147483647;
			files = (
			);
			runOnlyForDeploymentPostprocessing = 0;
		};
		5E7E7040258CE2AD0030B507 /* Resources */ = {
			isa = PBXResourcesBuildPhase;
			buildActionMask = 2147483647;
			files = (
				5E7E7048258CE2AE0030B507 /* Assets.xcassets in Resources */,
			);
			runOnlyForDeploymentPostprocessing = 0;
		};
		5E7E704C258CE2AE0030B507 /* Resources */ = {
			isa = PBXResourcesBuildPhase;
			buildActionMask = 2147483647;
			files = (
				5E38A725258D022300574232 /* ExerciseData.plist in Resources */,
				5E7E705D258CE2AE0030B507 /* Preview Assets.xcassets in Resources */,
				5E7E705A258CE2AE0030B507 /* Assets.xcassets in Resources */,
			);
			runOnlyForDeploymentPostprocessing = 0;
		};
/* End PBXResourcesBuildPhase section */

/* Begin PBXSourcesBuildPhase section */
		5E7E704A258CE2AE0030B507 /* Sources */ = {
			isa = PBXSourcesBuildPhase;
			buildActionMask = 2147483647;
			files = (
				5E6B59EC258D42B80049CDD9 /* ExerciseListView.swift in Sources */,
				5E5134532598C09D008D4195 /* Record-CoreDataHelpers.swift in Sources */,
				5EAC61D1259FF07400E90941 /* ContentView.swift in Sources */,
				5E52F0B425A11F1C00A5AC34 /* StartView.swift in Sources */,
				5E458194258E756200D1A0E1 /* DetailView.swift in Sources */,
				5E7E7054258CE2AE0030B507 /* MuscleView.swift in Sources */,
				5E6B59E1258D15FF0049CDD9 /* Exercise.swift in Sources */,
				5E7E7056258CE2AE0030B507 /* iWorkOutApp.swift in Sources */,
				5E7E7072258CE3650030B507 /* MuscleGroup.swift in Sources */,
				5E38A720258CF82200574232 /* EquipmentView.swift in Sources */,
				5E78E8ED258ED40400D7E7EC /* Color+Extension.swift in Sources */,
				5E7E7058258CE2AE0030B507 /* ComplicationController.swift in Sources */,
				5E51344E2598BFD9008D4195 /* Main.xcdatamodeld in Sources */,
				5E5134592598C147008D4195 /* DataController.swift in Sources */,
				5EAC61D6259FF20300E90941 /* RecordView.swift in Sources */,
				5E7E707D258CE4320030B507 /* Equipment.swift in Sources */,
			);
			runOnlyForDeploymentPostprocessing = 0;
		};
/* End PBXSourcesBuildPhase section */

/* Begin PBXTargetDependency section */
		5E7E7045258CE2AD0030B507 /* PBXTargetDependency */ = {
			isa = PBXTargetDependency;
			target = 5E7E7041258CE2AD0030B507 /* iWorkOut WatchKit App */;
			targetProxy = 5E7E7044258CE2AD0030B507 /* PBXContainerItemProxy */;
		};
		5E7E7051258CE2AE0030B507 /* PBXTargetDependency */ = {
			isa = PBXTargetDependency;
			target = 5E7E704D258CE2AE0030B507 /* iWorkOut WatchKit Extension */;
			targetProxy = 5E7E7050258CE2AE0030B507 /* PBXContainerItemProxy */;
		};
/* End PBXTargetDependency section */

/* Begin XCBuildConfiguration section */
		5E7E705F258CE2AE0030B507 /* Debug */ = {
			isa = XCBuildConfiguration;
			buildSettings = {
				ALWAYS_SEARCH_USER_PATHS = NO;
				CLANG_ANALYZER_NONNULL = YES;
				CLANG_ANALYZER_NUMBER_OBJECT_CONVERSION = YES_AGGRESSIVE;
				CLANG_CXX_LANGUAGE_STANDARD = "gnu++14";
				CLANG_CXX_LIBRARY = "libc++";
				CLANG_ENABLE_MODULES = YES;
				CLANG_ENABLE_OBJC_ARC = YES;
				CLANG_ENABLE_OBJC_WEAK = YES;
				CLANG_WARN_BLOCK_CAPTURE_AUTORELEASING = YES;
				CLANG_WARN_BOOL_CONVERSION = YES;
				CLANG_WARN_COMMA = YES;
				CLANG_WARN_CONSTANT_CONVERSION = YES;
				CLANG_WARN_DEPRECATED_OBJC_IMPLEMENTATIONS = YES;
				CLANG_WARN_DIRECT_OBJC_ISA_USAGE = YES_ERROR;
				CLANG_WARN_DOCUMENTATION_COMMENTS = YES;
				CLANG_WARN_EMPTY_BODY = YES;
				CLANG_WARN_ENUM_CONVERSION = YES;
				CLANG_WARN_INFINITE_RECURSION = YES;
				CLANG_WARN_INT_CONVERSION = YES;
				CLANG_WARN_NON_LITERAL_NULL_CONVERSION = YES;
				CLANG_WARN_OBJC_IMPLICIT_RETAIN_SELF = YES;
				CLANG_WARN_OBJC_LITERAL_CONVERSION = YES;
				CLANG_WARN_OBJC_ROOT_CLASS = YES_ERROR;
				CLANG_WARN_QUOTED_INCLUDE_IN_FRAMEWORK_HEADER = YES;
				CLANG_WARN_RANGE_LOOP_ANALYSIS = YES;
				CLANG_WARN_STRICT_PROTOTYPES = YES;
				CLANG_WARN_SUSPICIOUS_MOVE = YES;
				CLANG_WARN_UNGUARDED_AVAILABILITY = YES_AGGRESSIVE;
				CLANG_WARN_UNREACHABLE_CODE = YES;
				CLANG_WARN__DUPLICATE_METHOD_MATCH = YES;
				COPY_PHASE_STRIP = NO;
				DEBUG_INFORMATION_FORMAT = dwarf;
				ENABLE_STRICT_OBJC_MSGSEND = YES;
				ENABLE_TESTABILITY = YES;
				GCC_C_LANGUAGE_STANDARD = gnu11;
				GCC_DYNAMIC_NO_PIC = NO;
				GCC_NO_COMMON_BLOCKS = YES;
				GCC_OPTIMIZATION_LEVEL = 0;
				GCC_PREPROCESSOR_DEFINITIONS = (
					"DEBUG=1",
					"$(inherited)",
				);
				GCC_WARN_64_TO_32_BIT_CONVERSION = YES;
				GCC_WARN_ABOUT_RETURN_TYPE = YES_ERROR;
				GCC_WARN_UNDECLARED_SELECTOR = YES;
				GCC_WARN_UNINITIALIZED_AUTOS = YES_AGGRESSIVE;
				GCC_WARN_UNUSED_FUNCTION = YES;
				GCC_WARN_UNUSED_VARIABLE = YES;
				IPHONEOS_DEPLOYMENT_TARGET = 14.0;
				MTL_ENABLE_DEBUG_INFO = INCLUDE_SOURCE;
				MTL_FAST_MATH = YES;
				ONLY_ACTIVE_ARCH = YES;
				SDKROOT = iphoneos;
				SWIFT_ACTIVE_COMPILATION_CONDITIONS = DEBUG;
				SWIFT_OPTIMIZATION_LEVEL = "-Onone";
			};
			name = Debug;
		};
		5E7E7060258CE2AE0030B507 /* Release */ = {
			isa = XCBuildConfiguration;
			buildSettings = {
				ALWAYS_SEARCH_USER_PATHS = NO;
				CLANG_ANALYZER_NONNULL = YES;
				CLANG_ANALYZER_NUMBER_OBJECT_CONVERSION = YES_AGGRESSIVE;
				CLANG_CXX_LANGUAGE_STANDARD = "gnu++14";
				CLANG_CXX_LIBRARY = "libc++";
				CLANG_ENABLE_MODULES = YES;
				CLANG_ENABLE_OBJC_ARC = YES;
				CLANG_ENABLE_OBJC_WEAK = YES;
				CLANG_WARN_BLOCK_CAPTURE_AUTORELEASING = YES;
				CLANG_WARN_BOOL_CONVERSION = YES;
				CLANG_WARN_COMMA = YES;
				CLANG_WARN_CONSTANT_CONVERSION = YES;
				CLANG_WARN_DEPRECATED_OBJC_IMPLEMENTATIONS = YES;
				CLANG_WARN_DIRECT_OBJC_ISA_USAGE = YES_ERROR;
				CLANG_WARN_DOCUMENTATION_COMMENTS = YES;
				CLANG_WARN_EMPTY_BODY = YES;
				CLANG_WARN_ENUM_CONVERSION = YES;
				CLANG_WARN_INFINITE_RECURSION = YES;
				CLANG_WARN_INT_CONVERSION = YES;
				CLANG_WARN_NON_LITERAL_NULL_CONVERSION = YES;
				CLANG_WARN_OBJC_IMPLICIT_RETAIN_SELF = YES;
				CLANG_WARN_OBJC_LITERAL_CONVERSION = YES;
				CLANG_WARN_OBJC_ROOT_CLASS = YES_ERROR;
				CLANG_WARN_QUOTED_INCLUDE_IN_FRAMEWORK_HEADER = YES;
				CLANG_WARN_RANGE_LOOP_ANALYSIS = YES;
				CLANG_WARN_STRICT_PROTOTYPES = YES;
				CLANG_WARN_SUSPICIOUS_MOVE = YES;
				CLANG_WARN_UNGUARDED_AVAILABILITY = YES_AGGRESSIVE;
				CLANG_WARN_UNREACHABLE_CODE = YES;
				CLANG_WARN__DUPLICATE_METHOD_MATCH = YES;
				COPY_PHASE_STRIP = NO;
				DEBUG_INFORMATION_FORMAT = "dwarf-with-dsym";
				ENABLE_NS_ASSERTIONS = NO;
				ENABLE_STRICT_OBJC_MSGSEND = YES;
				GCC_C_LANGUAGE_STANDARD = gnu11;
				GCC_NO_COMMON_BLOCKS = YES;
				GCC_WARN_64_TO_32_BIT_CONVERSION = YES;
				GCC_WARN_ABOUT_RETURN_TYPE = YES_ERROR;
				GCC_WARN_UNDECLARED_SELECTOR = YES;
				GCC_WARN_UNINITIALIZED_AUTOS = YES_AGGRESSIVE;
				GCC_WARN_UNUSED_FUNCTION = YES;
				GCC_WARN_UNUSED_VARIABLE = YES;
				IPHONEOS_DEPLOYMENT_TARGET = 14.0;
				MTL_ENABLE_DEBUG_INFO = NO;
				MTL_FAST_MATH = YES;
				SDKROOT = iphoneos;
				SWIFT_COMPILATION_MODE = wholemodule;
				SWIFT_OPTIMIZATION_LEVEL = "-O";
				VALIDATE_PRODUCT = YES;
			};
			name = Release;
		};
		5E7E7062258CE2AE0030B507 /* Debug */ = {
			isa = XCBuildConfiguration;
			buildSettings = {
				ASSETCATALOG_COMPILER_COMPLICATION_NAME = Complication;
				CODE_SIGN_ENTITLEMENTS = "iWorkOut WatchKit Extension/iWorkOut WatchKit Extension.entitlements";
				CODE_SIGN_STYLE = Automatic;
				DEVELOPMENT_ASSET_PATHS = "\"iWorkOut WatchKit Extension/Preview Content\"";
				DEVELOPMENT_TEAM = R28KNM82KD;
				ENABLE_PREVIEWS = YES;
				INFOPLIST_FILE = "iWorkOut WatchKit Extension/Info.plist";
				LD_RUNPATH_SEARCH_PATHS = (
					"$(inherited)",
					"@executable_path/Frameworks",
					"@executable_path/../../Frameworks",
				);
				PRODUCT_BUNDLE_IDENTIFIER = com.alexis.iWorkOut.watchkitapp.watchkitextension;
				PRODUCT_NAME = "${TARGET_NAME}";
				SDKROOT = watchos;
				SKIP_INSTALL = YES;
				SWIFT_VERSION = 5.0;
				TARGETED_DEVICE_FAMILY = 4;
				WATCHOS_DEPLOYMENT_TARGET = 7.0;
			};
			name = Debug;
		};
		5E7E7063258CE2AE0030B507 /* Release */ = {
			isa = XCBuildConfiguration;
			buildSettings = {
				ASSETCATALOG_COMPILER_COMPLICATION_NAME = Complication;
				CODE_SIGN_ENTITLEMENTS = "iWorkOut WatchKit Extension/iWorkOut WatchKit Extension.entitlements";
				CODE_SIGN_STYLE = Automatic;
				DEVELOPMENT_ASSET_PATHS = "\"iWorkOut WatchKit Extension/Preview Content\"";
				DEVELOPMENT_TEAM = R28KNM82KD;
				ENABLE_PREVIEWS = YES;
				INFOPLIST_FILE = "iWorkOut WatchKit Extension/Info.plist";
				LD_RUNPATH_SEARCH_PATHS = (
					"$(inherited)",
					"@executable_path/Frameworks",
					"@executable_path/../../Frameworks",
				);
				PRODUCT_BUNDLE_IDENTIFIER = com.alexis.iWorkOut.watchkitapp.watchkitextension;
				PRODUCT_NAME = "${TARGET_NAME}";
				SDKROOT = watchos;
				SKIP_INSTALL = YES;
				SWIFT_VERSION = 5.0;
				TARGETED_DEVICE_FAMILY = 4;
				WATCHOS_DEPLOYMENT_TARGET = 7.0;
			};
			name = Release;
		};
		5E7E7066258CE2AE0030B507 /* Debug */ = {
			isa = XCBuildConfiguration;
			buildSettings = {
				ALWAYS_EMBED_SWIFT_STANDARD_LIBRARIES = YES;
				ASSETCATALOG_COMPILER_APPICON_NAME = AppIcon;
				ASSETCATALOG_COMPILER_GLOBAL_ACCENT_COLOR_NAME = AccentColor;
				CODE_SIGN_STYLE = Automatic;
				DEVELOPMENT_TEAM = R28KNM82KD;
				IBSC_MODULE = iWorkOut_WatchKit_Extension;
				INFOPLIST_FILE = "iWorkOut WatchKit App/Info.plist";
				PRODUCT_BUNDLE_IDENTIFIER = com.alexis.iWorkOut.watchkitapp;
				PRODUCT_NAME = "$(TARGET_NAME)";
				SDKROOT = watchos;
				SKIP_INSTALL = YES;
				SWIFT_VERSION = 5.0;
				TARGETED_DEVICE_FAMILY = 4;
				WATCHOS_DEPLOYMENT_TARGET = 7.0;
			};
			name = Debug;
		};
		5E7E7067258CE2AE0030B507 /* Release */ = {
			isa = XCBuildConfiguration;
			buildSettings = {
				ALWAYS_EMBED_SWIFT_STANDARD_LIBRARIES = YES;
				ASSETCATALOG_COMPILER_APPICON_NAME = AppIcon;
				ASSETCATALOG_COMPILER_GLOBAL_ACCENT_COLOR_NAME = AccentColor;
				CODE_SIGN_STYLE = Automatic;
				DEVELOPMENT_TEAM = R28KNM82KD;
				IBSC_MODULE = iWorkOut_WatchKit_Extension;
				INFOPLIST_FILE = "iWorkOut WatchKit App/Info.plist";
				PRODUCT_BUNDLE_IDENTIFIER = com.alexis.iWorkOut.watchkitapp;
				PRODUCT_NAME = "$(TARGET_NAME)";
				SDKROOT = watchos;
				SKIP_INSTALL = YES;
				SWIFT_VERSION = 5.0;
				TARGETED_DEVICE_FAMILY = 4;
				WATCHOS_DEPLOYMENT_TARGET = 7.0;
			};
			name = Release;
		};
		5E7E706A258CE2AE0030B507 /* Debug */ = {
			isa = XCBuildConfiguration;
			buildSettings = {
				CODE_SIGN_STYLE = Automatic;
				CURRENT_PROJECT_VERSION = 1;
				DEVELOPMENT_TEAM = R28KNM82KD;
				MARKETING_VERSION = 1.0;
				PRODUCT_BUNDLE_IDENTIFIER = com.alexis.iWorkOut;
				PRODUCT_NAME = "$(TARGET_NAME)";
				SWIFT_VERSION = 5.0;
			};
			name = Debug;
		};
		5E7E706B258CE2AE0030B507 /* Release */ = {
			isa = XCBuildConfiguration;
			buildSettings = {
				CODE_SIGN_STYLE = Automatic;
				CURRENT_PROJECT_VERSION = 1;
				DEVELOPMENT_TEAM = R28KNM82KD;
				MARKETING_VERSION = 1.0;
				PRODUCT_BUNDLE_IDENTIFIER = com.alexis.iWorkOut;
				PRODUCT_NAME = "$(TARGET_NAME)";
				SWIFT_VERSION = 5.0;
			};
			name = Release;
		};
/* End XCBuildConfiguration section */

/* Begin XCConfigurationList section */
		5E7E703B258CE2AD0030B507 /* Build configuration list for PBXProject "iWorkOut" */ = {
			isa = XCConfigurationList;
			buildConfigurations = (
				5E7E705F258CE2AE0030B507 /* Debug */,
				5E7E7060258CE2AE0030B507 /* Release */,
			);
			defaultConfigurationIsVisible = 0;
			defaultConfigurationName = Release;
		};
		5E7E7061258CE2AE0030B507 /* Build configuration list for PBXNativeTarget "iWorkOut WatchKit Extension" */ = {
			isa = XCConfigurationList;
			buildConfigurations = (
				5E7E7062258CE2AE0030B507 /* Debug */,
				5E7E7063258CE2AE0030B507 /* Release */,
			);
			defaultConfigurationIsVisible = 0;
			defaultConfigurationName = Release;
		};
		5E7E7065258CE2AE0030B507 /* Build configuration list for PBXNativeTarget "iWorkOut WatchKit App" */ = {
			isa = XCConfigurationList;
			buildConfigurations = (
				5E7E7066258CE2AE0030B507 /* Debug */,
				5E7E7067258CE2AE0030B507 /* Release */,
			);
			defaultConfigurationIsVisible = 0;
			defaultConfigurationName = Release;
		};
		5E7E7069258CE2AE0030B507 /* Build configuration list for PBXNativeTarget "iWorkOut" */ = {
			isa = XCConfigurationList;
			buildConfigurations = (
				5E7E706A258CE2AE0030B507 /* Debug */,
				5E7E706B258CE2AE0030B507 /* Release */,
			);
			defaultConfigurationIsVisible = 0;
			defaultConfigurationName = Release;
		};
/* End XCConfigurationList section */

/* Begin XCVersionGroup section */
		5E51344C2598BFD9008D4195 /* Main.xcdatamodeld */ = {
			isa = XCVersionGroup;
			children = (
				5E51344D2598BFD9008D4195 /* Main.xcdatamodel */,
			);
			currentVersion = 5E51344D2598BFD9008D4195 /* Main.xcdatamodel */;
			path = Main.xcdatamodeld;
			sourceTree = "<group>";
			versionGroupType = wrapper.xcdatamodel;
		};
/* End XCVersionGroup section */
	};
	rootObject = 5E7E7038258CE2AD0030B507 /* Project object */;
}
